// !$*UTF8*$!
{
	archiveVersion = 1;
	classes = {
	};
	objectVersion = 46;
	objects = {

/* Begin PBXBuildFile section */
		151170F71645B9F400C6EC1D /* left_arrow.png in Resources */ = {isa = PBXBuildFile; fileRef = 151170F31645B9F400C6EC1D /* left_arrow.png */; };
		151170F81645B9F400C6EC1D /* left_arrow@2x.png in Resources */ = {isa = PBXBuildFile; fileRef = 151170F41645B9F400C6EC1D /* left_arrow@2x.png */; };
		151170F91645B9F400C6EC1D /* right_arrow.png in Resources */ = {isa = PBXBuildFile; fileRef = 151170F51645B9F400C6EC1D /* right_arrow.png */; };
		151170FA1645B9F400C6EC1D /* right_arrow@2x.png in Resources */ = {isa = PBXBuildFile; fileRef = 151170F61645B9F400C6EC1D /* right_arrow@2x.png */; };
		1511716E1646F38F00C6EC1D /* libCorePlot-CocoaTouch.a in Frameworks */ = {isa = PBXBuildFile; fileRef = 1511716B1646F2B400C6EC1D /* libCorePlot-CocoaTouch.a */; };
		151171721646F5F500C6EC1D /* WorkoutsStatsListViewController.m in Sources */ = {isa = PBXBuildFile; fileRef = 151171711646F5F500C6EC1D /* WorkoutsStatsListViewController.m */; };
		15223DC01645A09800D7532D /* CellExpandableHeaderView.m in Sources */ = {isa = PBXBuildFile; fileRef = 15223DB41645A09800D7532D /* CellExpandableHeaderView.m */; };
		15223DC11645A09800D7532D /* CellExpandableHeaderView.xib in Resources */ = {isa = PBXBuildFile; fileRef = 15223DB51645A09800D7532D /* CellExpandableHeaderView.xib */; };
		15223DC21645A09800D7532D /* CKCalendarView.m in Sources */ = {isa = PBXBuildFile; fileRef = 15223DB81645A09800D7532D /* CKCalendarView.m */; };
		15223DC71645A09800D7532D /* GradientButton.m in Sources */ = {isa = PBXBuildFile; fileRef = 15223DBF1645A09800D7532D /* GradientButton.m */; settings = {COMPILER_FLAGS = "-fno-objc-arc"; }; };
		15223DC91645A1E500D7532D /* chart.png in Resources */ = {isa = PBXBuildFile; fileRef = 15223DC81645A1E500D7532D /* chart.png */; };
		15223DCB1645A21900D7532D /* calendar.png in Resources */ = {isa = PBXBuildFile; fileRef = 15223DCA1645A21900D7532D /* calendar.png */; };
		152C6109163467C5000D2110 /* libGoogleAnalytics.a in Frameworks */ = {isa = PBXBuildFile; fileRef = 152C6108163467C5000D2110 /* libGoogleAnalytics.a */; };
		152C610C163467F2000D2110 /* GoogleAnalyticsHelper.m in Sources */ = {isa = PBXBuildFile; fileRef = 152C610B163467F2000D2110 /* GoogleAnalyticsHelper.m */; };
		152C610D16346C6A000D2110 /* libGoogleAnalytics.a in Frameworks */ = {isa = PBXBuildFile; fileRef = 152C6108163467C5000D2110 /* libGoogleAnalytics.a */; };
		152C610F16346CEE000D2110 /* CFNetwork.framework in Frameworks */ = {isa = PBXBuildFile; fileRef = 152C610E16346CEE000D2110 /* CFNetwork.framework */; };
		152C611116346CFE000D2110 /* libsqlite3.0.dylib in Frameworks */ = {isa = PBXBuildFile; fileRef = 152C611016346CFE000D2110 /* libsqlite3.0.dylib */; };
		156D5DF21619ADC700DA84AA /* Easy WorkoutTests-Info.plist in Resources */ = {isa = PBXBuildFile; fileRef = 156D5DED1619ADC700DA84AA /* Easy WorkoutTests-Info.plist */; };
		156D5DF31619ADC700DA84AA /* InfoPlist.strings in Resources */ = {isa = PBXBuildFile; fileRef = 156D5DEE1619ADC700DA84AA /* InfoPlist.strings */; };
		156D5DF41619ADC700DA84AA /* iWorkoutTests.m in Sources */ = {isa = PBXBuildFile; fileRef = 156D5DF11619ADC700DA84AA /* iWorkoutTests.m */; };
		15752FEE1634CD76009EF4B0 /* Default.png in Resources */ = {isa = PBXBuildFile; fileRef = 15752FED1634CD76009EF4B0 /* Default.png */; };
		15752FF01634CD7C009EF4B0 /* Default@2x.png in Resources */ = {isa = PBXBuildFile; fileRef = 15752FEF1634CD7C009EF4B0 /* Default@2x.png */; };
		15752FF21634CD80009EF4B0 /* Default-568h@2x.png in Resources */ = {isa = PBXBuildFile; fileRef = 15752FF11634CD80009EF4B0 /* Default-568h@2x.png */; };
		158BF66B16325C1F00AB1485 /* Icon-Small.png in Resources */ = {isa = PBXBuildFile; fileRef = 158BF66516325C1F00AB1485 /* Icon-Small.png */; };
		158BF66C16325C1F00AB1485 /* Icon-Small@2x.png in Resources */ = {isa = PBXBuildFile; fileRef = 158BF66616325C1F00AB1485 /* Icon-Small@2x.png */; };
		158BF66D16325C1F00AB1485 /* Icon.png in Resources */ = {isa = PBXBuildFile; fileRef = 158BF66716325C1F00AB1485 /* Icon.png */; };
		158BF66E16325C1F00AB1485 /* Icon@2x.png in Resources */ = {isa = PBXBuildFile; fileRef = 158BF66816325C1F00AB1485 /* Icon@2x.png */; };
		158BF67216325C4B00AB1485 /* Icon.png in Resources */ = {isa = PBXBuildFile; fileRef = 158BF67116325C4B00AB1485 /* Icon.png */; };
		158BF67416325C5900AB1485 /* Icon@2x.png in Resources */ = {isa = PBXBuildFile; fileRef = 158BF67316325C5900AB1485 /* Icon@2x.png */; };
		159284851619AC8700690188 /* AppDelegate.m in Sources */ = {isa = PBXBuildFile; fileRef = 159284461619AC8700690188 /* AppDelegate.m */; };
		159284861619AC8700690188 /* CoreDataManager.m in Sources */ = {isa = PBXBuildFile; fileRef = 1592844A1619AC8700690188 /* CoreDataManager.m */; };
		159284871619AC8700690188 /* CoreDataModel.m in Sources */ = {isa = PBXBuildFile; fileRef = 1592844C1619AC8700690188 /* CoreDataModel.m */; };
		159284881619AC8700690188 /* iWorkout.xcdatamodeld in Sources */ = {isa = PBXBuildFile; fileRef = 1592844D1619AC8700690188 /* iWorkout.xcdatamodeld */; };
		159284891619AC8700690188 /* Workout.m in Sources */ = {isa = PBXBuildFile; fileRef = 159284511619AC8700690188 /* Workout.m */; };
		1592848A1619AC8700690188 /* WorkoutCategory.m in Sources */ = {isa = PBXBuildFile; fileRef = 159284531619AC8700690188 /* WorkoutCategory.m */; };
		1592848B1619AC8700690188 /* WorkoutRoutine.m in Sources */ = {isa = PBXBuildFile; fileRef = 159284551619AC8700690188 /* WorkoutRoutine.m */; };
		1592848C1619AC8700690188 /* WorkoutLog.m in Sources */ = {isa = PBXBuildFile; fileRef = 159284571619AC8700690188 /* WorkoutLog.m */; };
		1592848D1619AC8700690188 /* NSString+Additions.m in Sources */ = {isa = PBXBuildFile; fileRef = 1592845A1619AC8700690188 /* NSString+Additions.m */; };
		1592848E1619AC8700690188 /* UIViewController+Additions.m in Sources */ = {isa = PBXBuildFile; fileRef = 1592845C1619AC8700690188 /* UIViewController+Additions.m */; };
		1592848F1619AC8700690188 /* Easy Workout-Info.plist in Resources */ = {isa = PBXBuildFile; fileRef = 1592845D1619AC8700690188 /* Easy Workout-Info.plist */; };
		159284901619AC8700690188 /* InfoPlist.strings in Resources */ = {isa = PBXBuildFile; fileRef = 1592845F1619AC8700690188 /* InfoPlist.strings */; };
		159284911619AC8700690188 /* MainStoryboard_iPad.storyboard in Resources */ = {isa = PBXBuildFile; fileRef = 159284611619AC8700690188 /* MainStoryboard_iPad.storyboard */; };
		159284921619AC8700690188 /* MainStoryboard_iPhone.storyboard in Resources */ = {isa = PBXBuildFile; fileRef = 159284631619AC8700690188 /* MainStoryboard_iPhone.storyboard */; };
		159284931619AC8700690188 /* main.m in Sources */ = {isa = PBXBuildFile; fileRef = 159284651619AC8700690188 /* main.m */; };
		159284941619AC8700690188 /* BaseViewController.m in Sources */ = {isa = PBXBuildFile; fileRef = 159284691619AC8700690188 /* BaseViewController.m */; };
		159284971619AC8700690188 /* AddWorkoutLogViewController.m in Sources */ = {isa = PBXBuildFile; fileRef = 159284711619AC8700690188 /* AddWorkoutLogViewController.m */; };
		159284981619AC8700690188 /* WorkoutLogCell.m in Sources */ = {isa = PBXBuildFile; fileRef = 159284731619AC8700690188 /* WorkoutLogCell.m */; };
		159284991619AC8700690188 /* WorkoutLogDetailViewController.m in Sources */ = {isa = PBXBuildFile; fileRef = 159284751619AC8700690188 /* WorkoutLogDetailViewController.m */; };
		1592849A1619AC8700690188 /* WorkoutLogsViewController.m in Sources */ = {isa = PBXBuildFile; fileRef = 159284771619AC8700690188 /* WorkoutLogsViewController.m */; };
		1592849C1619AC8700690188 /* AddWorkoutViewController.m in Sources */ = {isa = PBXBuildFile; fileRef = 1592847C1619AC8700690188 /* AddWorkoutViewController.m */; };
		1592849D1619AC8700690188 /* WorkoutsViewController.m in Sources */ = {isa = PBXBuildFile; fileRef = 1592847E1619AC8700690188 /* WorkoutsViewController.m */; };
		159C99E5161BEA5400CCAFD9 /* expand.png in Resources */ = {isa = PBXBuildFile; fileRef = 159C99E4161BEA5400CCAFD9 /* expand.png */; };
		159C99E8161BF20500CCAFD9 /* UIView+Additions.m in Sources */ = {isa = PBXBuildFile; fileRef = 159C99E7161BF20500CCAFD9 /* UIView+Additions.m */; };
		159C99EF161C023C00CCAFD9 /* group.png in Resources */ = {isa = PBXBuildFile; fileRef = 159C99EC161C023C00CCAFD9 /* group.png */; };
		159C99F0161C023C00CCAFD9 /* log.png in Resources */ = {isa = PBXBuildFile; fileRef = 159C99ED161C023C00CCAFD9 /* log.png */; };
		159C99F1161C023C00CCAFD9 /* workout.png in Resources */ = {isa = PBXBuildFile; fileRef = 159C99EE161C023C00CCAFD9 /* workout.png */; };
		159C99FE161D66B100CCAFD9 /* QuartzCore.framework in Frameworks */ = {isa = PBXBuildFile; fileRef = 159C99FD161D66B100CCAFD9 /* QuartzCore.framework */; };
		159C9A01161D67EF00CCAFD9 /* UINavigationBar+RoundedCorners.m in Sources */ = {isa = PBXBuildFile; fileRef = 159C9A00161D67EF00CCAFD9 /* UINavigationBar+RoundedCorners.m */; };
		159C9A04161D6D5400CCAFD9 /* UITabBarController+Customized.m in Sources */ = {isa = PBXBuildFile; fileRef = 159C9A03161D6D5400CCAFD9 /* UITabBarController+Customized.m */; };
		15BC03A31620E1590008323C /* delete.png in Resources */ = {isa = PBXBuildFile; fileRef = 15BC03A21620E1590008323C /* delete.png */; };
		15BC03B3162103F90008323C /* AddWrokoutRoutineViewController.m in Sources */ = {isa = PBXBuildFile; fileRef = 15BC03B0162103F90008323C /* AddWrokoutRoutineViewController.m */; };
		15BC03B4162103F90008323C /* WorkoutRoutinesViewController.m in Sources */ = {isa = PBXBuildFile; fileRef = 15BC03B2162103F90008323C /* WorkoutRoutinesViewController.m */; };
		15C107961617EE4100B1B9FB /* UIKit.framework in Frameworks */ = {isa = PBXBuildFile; fileRef = 15C107951617EE4100B1B9FB /* UIKit.framework */; };
		15C107981617EE4100B1B9FB /* Foundation.framework in Frameworks */ = {isa = PBXBuildFile; fileRef = 15C107971617EE4100B1B9FB /* Foundation.framework */; };
		15C1079A1617EE4100B1B9FB /* CoreGraphics.framework in Frameworks */ = {isa = PBXBuildFile; fileRef = 15C107991617EE4100B1B9FB /* CoreGraphics.framework */; };
		15C107B71617EE4200B1B9FB /* SenTestingKit.framework in Frameworks */ = {isa = PBXBuildFile; fileRef = 15C107B61617EE4200B1B9FB /* SenTestingKit.framework */; };
		15C107B81617EE4200B1B9FB /* UIKit.framework in Frameworks */ = {isa = PBXBuildFile; fileRef = 15C107951617EE4100B1B9FB /* UIKit.framework */; };
		15C107B91617EE4200B1B9FB /* Foundation.framework in Frameworks */ = {isa = PBXBuildFile; fileRef = 15C107971617EE4100B1B9FB /* Foundation.framework */; };
		15C108211617EEC000B1B9FB /* CoreData.framework in Frameworks */ = {isa = PBXBuildFile; fileRef = 15C108201617EEC000B1B9FB /* CoreData.framework */; };
/* End PBXBuildFile section */

/* Begin PBXContainerItemProxy section */
		1511716A1646F2B400C6EC1D /* PBXContainerItemProxy */ = {
			isa = PBXContainerItemProxy;
			containerPortal = 151171611646F2B400C6EC1D /* CorePlot-CocoaTouch.xcodeproj */;
			proxyType = 2;
			remoteGlobalIDString = BC9B83470FB8A0A40035D8DA;
			remoteInfo = "CorePlot-CocoaTouch";
		};
		1511716C1646F2ED00C6EC1D /* PBXContainerItemProxy */ = {
			isa = PBXContainerItemProxy;
			containerPortal = 151171611646F2B400C6EC1D /* CorePlot-CocoaTouch.xcodeproj */;
			proxyType = 1;
			remoteGlobalIDString = BC9B83460FB8A0A40035D8DA;
			remoteInfo = "CorePlot-CocoaTouch";
		};
		15C107BA1617EE4200B1B9FB /* PBXContainerItemProxy */ = {
			isa = PBXContainerItemProxy;
			containerPortal = 15C107881617EE4100B1B9FB /* Project object */;
			proxyType = 1;
			remoteGlobalIDString = 15C107901617EE4100B1B9FB;
			remoteInfo = iWorkout;
		};
/* End PBXContainerItemProxy section */

/* Begin PBXFileReference section */
		151170F31645B9F400C6EC1D /* left_arrow.png */ = {isa = PBXFileReference; lastKnownFileType = image.png; path = left_arrow.png; sourceTree = "<group>"; };
		151170F41645B9F400C6EC1D /* left_arrow@2x.png */ = {isa = PBXFileReference; lastKnownFileType = image.png; path = "left_arrow@2x.png"; sourceTree = "<group>"; };
		151170F51645B9F400C6EC1D /* right_arrow.png */ = {isa = PBXFileReference; lastKnownFileType = image.png; path = right_arrow.png; sourceTree = "<group>"; };
		151170F61645B9F400C6EC1D /* right_arrow@2x.png */ = {isa = PBXFileReference; lastKnownFileType = image.png; path = "right_arrow@2x.png"; sourceTree = "<group>"; };
		151171611646F2B400C6EC1D /* CorePlot-CocoaTouch.xcodeproj */ = {isa = PBXFileReference; lastKnownFileType = "wrapper.pb-project"; name = "CorePlot-CocoaTouch.xcodeproj"; path = "Core PLot framework/CorePlot-CocoaTouch.xcodeproj"; sourceTree = "<group>"; };
		151171701646F5F500C6EC1D /* WorkoutsStatsListViewController.h */ = {isa = PBXFileReference; fileEncoding = 4; lastKnownFileType = sourcecode.c.h; path = WorkoutsStatsListViewController.h; sourceTree = "<group>"; };
		151171711646F5F500C6EC1D /* WorkoutsStatsListViewController.m */ = {isa = PBXFileReference; fileEncoding = 4; lastKnownFileType = sourcecode.c.objc; path = WorkoutsStatsListViewController.m; sourceTree = "<group>"; };
		15223DB31645A09800D7532D /* CellExpandableHeaderView.h */ = {isa = PBXFileReference; fileEncoding = 4; lastKnownFileType = sourcecode.c.h; path = CellExpandableHeaderView.h; sourceTree = "<group>"; };
		15223DB41645A09800D7532D /* CellExpandableHeaderView.m */ = {isa = PBXFileReference; fileEncoding = 4; lastKnownFileType = sourcecode.c.objc; path = CellExpandableHeaderView.m; sourceTree = "<group>"; };
		15223DB51645A09800D7532D /* CellExpandableHeaderView.xib */ = {isa = PBXFileReference; fileEncoding = 4; lastKnownFileType = file.xib; path = CellExpandableHeaderView.xib; sourceTree = "<group>"; };
		15223DB71645A09800D7532D /* CKCalendarView.h */ = {isa = PBXFileReference; fileEncoding = 4; lastKnownFileType = sourcecode.c.h; path = CKCalendarView.h; sourceTree = "<group>"; };
		15223DB81645A09800D7532D /* CKCalendarView.m */ = {isa = PBXFileReference; fileEncoding = 4; lastKnownFileType = sourcecode.c.objc; path = CKCalendarView.m; sourceTree = "<group>"; };
		15223DBE1645A09800D7532D /* GradientButton.h */ = {isa = PBXFileReference; fileEncoding = 4; lastKnownFileType = sourcecode.c.h; path = GradientButton.h; sourceTree = "<group>"; };
		15223DBF1645A09800D7532D /* GradientButton.m */ = {isa = PBXFileReference; fileEncoding = 4; lastKnownFileType = sourcecode.c.objc; path = GradientButton.m; sourceTree = "<group>"; };
		15223DC81645A1E500D7532D /* chart.png */ = {isa = PBXFileReference; lastKnownFileType = image.png; path = chart.png; sourceTree = "<group>"; };
		15223DCA1645A21900D7532D /* calendar.png */ = {isa = PBXFileReference; lastKnownFileType = image.png; path = calendar.png; sourceTree = "<group>"; };
		152C6107163467C5000D2110 /* GANTracker.h */ = {isa = PBXFileReference; fileEncoding = 4; lastKnownFileType = sourcecode.c.h; path = GANTracker.h; sourceTree = "<group>"; };
		152C6108163467C5000D2110 /* libGoogleAnalytics.a */ = {isa = PBXFileReference; lastKnownFileType = archive.ar; path = libGoogleAnalytics.a; sourceTree = "<group>"; };
		152C610A163467F2000D2110 /* GoogleAnalyticsHelper.h */ = {isa = PBXFileReference; fileEncoding = 4; lastKnownFileType = sourcecode.c.h; path = GoogleAnalyticsHelper.h; sourceTree = "<group>"; };
		152C610B163467F2000D2110 /* GoogleAnalyticsHelper.m */ = {isa = PBXFileReference; fileEncoding = 4; lastKnownFileType = sourcecode.c.objc; path = GoogleAnalyticsHelper.m; sourceTree = "<group>"; };
		152C610E16346CEE000D2110 /* CFNetwork.framework */ = {isa = PBXFileReference; lastKnownFileType = wrapper.framework; name = CFNetwork.framework; path = System/Library/Frameworks/CFNetwork.framework; sourceTree = SDKROOT; };
		152C611016346CFE000D2110 /* libsqlite3.0.dylib */ = {isa = PBXFileReference; lastKnownFileType = "compiled.mach-o.dylib"; name = libsqlite3.0.dylib; path = usr/lib/libsqlite3.0.dylib; sourceTree = SDKROOT; };
		156D5DED1619ADC700DA84AA /* Easy WorkoutTests-Info.plist */ = {isa = PBXFileReference; fileEncoding = 4; lastKnownFileType = text.plist.xml; path = "Easy WorkoutTests-Info.plist"; sourceTree = "<group>"; };
		156D5DEF1619ADC700DA84AA /* en */ = {isa = PBXFileReference; lastKnownFileType = text.plist.strings; name = en; path = en.lproj/InfoPlist.strings; sourceTree = "<group>"; };
		156D5DF01619ADC700DA84AA /* iWorkoutTests.h */ = {isa = PBXFileReference; fileEncoding = 4; lastKnownFileType = sourcecode.c.h; path = iWorkoutTests.h; sourceTree = "<group>"; };
		156D5DF11619ADC700DA84AA /* iWorkoutTests.m */ = {isa = PBXFileReference; fileEncoding = 4; lastKnownFileType = sourcecode.c.objc; path = iWorkoutTests.m; sourceTree = "<group>"; };
		15752FED1634CD76009EF4B0 /* Default.png */ = {isa = PBXFileReference; lastKnownFileType = image.png; path = Default.png; sourceTree = "<group>"; };
		15752FEF1634CD7C009EF4B0 /* Default@2x.png */ = {isa = PBXFileReference; lastKnownFileType = image.png; path = "Default@2x.png"; sourceTree = "<group>"; };
		15752FF11634CD80009EF4B0 /* Default-568h@2x.png */ = {isa = PBXFileReference; lastKnownFileType = image.png; path = "Default-568h@2x.png"; sourceTree = "<group>"; };
		158BF66516325C1F00AB1485 /* Icon-Small.png */ = {isa = PBXFileReference; lastKnownFileType = image.png; path = "Icon-Small.png"; sourceTree = "<group>"; };
		158BF66616325C1F00AB1485 /* Icon-Small@2x.png */ = {isa = PBXFileReference; lastKnownFileType = image.png; path = "Icon-Small@2x.png"; sourceTree = "<group>"; };
		158BF66716325C1F00AB1485 /* Icon.png */ = {isa = PBXFileReference; lastKnownFileType = image.png; path = Icon.png; sourceTree = "<group>"; };
		158BF66816325C1F00AB1485 /* Icon@2x.png */ = {isa = PBXFileReference; lastKnownFileType = image.png; path = "Icon@2x.png"; sourceTree = "<group>"; };
		158BF67116325C4B00AB1485 /* Icon.png */ = {isa = PBXFileReference; lastKnownFileType = image.png; path = Icon.png; sourceTree = "<group>"; };
		158BF67316325C5900AB1485 /* Icon@2x.png */ = {isa = PBXFileReference; lastKnownFileType = image.png; path = "Icon@2x.png"; sourceTree = "<group>"; };
		159284451619AC8700690188 /* AppDelegate.h */ = {isa = PBXFileReference; fileEncoding = 4; lastKnownFileType = sourcecode.c.h; path = AppDelegate.h; sourceTree = "<group>"; };
		159284461619AC8700690188 /* AppDelegate.m */ = {isa = PBXFileReference; fileEncoding = 4; lastKnownFileType = sourcecode.c.objc; path = AppDelegate.m; sourceTree = "<group>"; };
		159284491619AC8700690188 /* CoreDataManager.h */ = {isa = PBXFileReference; fileEncoding = 4; lastKnownFileType = sourcecode.c.h; path = CoreDataManager.h; sourceTree = "<group>"; };
		1592844A1619AC8700690188 /* CoreDataManager.m */ = {isa = PBXFileReference; fileEncoding = 4; lastKnownFileType = sourcecode.c.objc; path = CoreDataManager.m; sourceTree = "<group>"; };
		1592844B1619AC8700690188 /* CoreDataModel.h */ = {isa = PBXFileReference; fileEncoding = 4; lastKnownFileType = sourcecode.c.h; path = CoreDataModel.h; sourceTree = "<group>"; };
		1592844C1619AC8700690188 /* CoreDataModel.m */ = {isa = PBXFileReference; fileEncoding = 4; lastKnownFileType = sourcecode.c.objc; path = CoreDataModel.m; sourceTree = "<group>"; };
		1592844E1619AC8700690188 /* iWorkout.xcdatamodel */ = {isa = PBXFileReference; lastKnownFileType = wrapper.xcdatamodel; path = iWorkout.xcdatamodel; sourceTree = "<group>"; };
		159284501619AC8700690188 /* Workout.h */ = {isa = PBXFileReference; fileEncoding = 4; lastKnownFileType = sourcecode.c.h; path = Workout.h; sourceTree = "<group>"; };
		159284511619AC8700690188 /* Workout.m */ = {isa = PBXFileReference; fileEncoding = 4; lastKnownFileType = sourcecode.c.objc; path = Workout.m; sourceTree = "<group>"; };
		159284521619AC8700690188 /* WorkoutCategory.h */ = {isa = PBXFileReference; fileEncoding = 4; lastKnownFileType = sourcecode.c.h; path = WorkoutCategory.h; sourceTree = "<group>"; };
		159284531619AC8700690188 /* WorkoutCategory.m */ = {isa = PBXFileReference; fileEncoding = 4; lastKnownFileType = sourcecode.c.objc; path = WorkoutCategory.m; sourceTree = "<group>"; };
		159284541619AC8700690188 /* WorkoutRoutine.h */ = {isa = PBXFileReference; fileEncoding = 4; lastKnownFileType = sourcecode.c.h; path = WorkoutRoutine.h; sourceTree = "<group>"; };
		159284551619AC8700690188 /* WorkoutRoutine.m */ = {isa = PBXFileReference; fileEncoding = 4; lastKnownFileType = sourcecode.c.objc; path = WorkoutRoutine.m; sourceTree = "<group>"; };
		159284561619AC8700690188 /* WorkoutLog.h */ = {isa = PBXFileReference; fileEncoding = 4; lastKnownFileType = sourcecode.c.h; path = WorkoutLog.h; sourceTree = "<group>"; };
		159284571619AC8700690188 /* WorkoutLog.m */ = {isa = PBXFileReference; fileEncoding = 4; lastKnownFileType = sourcecode.c.objc; path = WorkoutLog.m; sourceTree = "<group>"; };
		159284591619AC8700690188 /* NSString+Additions.h */ = {isa = PBXFileReference; fileEncoding = 4; lastKnownFileType = sourcecode.c.h; path = "NSString+Additions.h"; sourceTree = "<group>"; };
		1592845A1619AC8700690188 /* NSString+Additions.m */ = {isa = PBXFileReference; fileEncoding = 4; lastKnownFileType = sourcecode.c.objc; path = "NSString+Additions.m"; sourceTree = "<group>"; };
		1592845B1619AC8700690188 /* UIViewController+Additions.h */ = {isa = PBXFileReference; fileEncoding = 4; lastKnownFileType = sourcecode.c.h; path = "UIViewController+Additions.h"; sourceTree = "<group>"; };
		1592845C1619AC8700690188 /* UIViewController+Additions.m */ = {isa = PBXFileReference; fileEncoding = 4; lastKnownFileType = sourcecode.c.objc; path = "UIViewController+Additions.m"; sourceTree = "<group>"; };
		1592845D1619AC8700690188 /* Easy Workout-Info.plist */ = {isa = PBXFileReference; fileEncoding = 4; lastKnownFileType = text.plist.xml; path = "Easy Workout-Info.plist"; sourceTree = "<group>"; };
		1592845E1619AC8700690188 /* Easy Workout-Prefix.pch */ = {isa = PBXFileReference; fileEncoding = 4; lastKnownFileType = sourcecode.c.h; path = "Easy Workout-Prefix.pch"; sourceTree = "<group>"; };
		159284601619AC8700690188 /* en */ = {isa = PBXFileReference; lastKnownFileType = text.plist.strings; name = en; path = en.lproj/InfoPlist.strings; sourceTree = "<group>"; };
		159284621619AC8700690188 /* en */ = {isa = PBXFileReference; lastKnownFileType = file.storyboard; name = en; path = en.lproj/MainStoryboard_iPad.storyboard; sourceTree = "<group>"; };
		159284641619AC8700690188 /* en */ = {isa = PBXFileReference; lastKnownFileType = file.storyboard; name = en; path = en.lproj/MainStoryboard_iPhone.storyboard; sourceTree = "<group>"; };
		159284651619AC8700690188 /* main.m */ = {isa = PBXFileReference; fileEncoding = 4; lastKnownFileType = sourcecode.c.objc; path = main.m; sourceTree = "<group>"; };
		159284681619AC8700690188 /* BaseViewController.h */ = {isa = PBXFileReference; fileEncoding = 4; lastKnownFileType = sourcecode.c.h; path = BaseViewController.h; sourceTree = "<group>"; };
		159284691619AC8700690188 /* BaseViewController.m */ = {isa = PBXFileReference; fileEncoding = 4; lastKnownFileType = sourcecode.c.objc; path = BaseViewController.m; sourceTree = "<group>"; };
		159284701619AC8700690188 /* AddWorkoutLogViewController.h */ = {isa = PBXFileReference; fileEncoding = 4; lastKnownFileType = sourcecode.c.h; path = AddWorkoutLogViewController.h; sourceTree = "<group>"; };
		159284711619AC8700690188 /* AddWorkoutLogViewController.m */ = {isa = PBXFileReference; fileEncoding = 4; lastKnownFileType = sourcecode.c.objc; path = AddWorkoutLogViewController.m; sourceTree = "<group>"; };
		159284721619AC8700690188 /* WorkoutLogCell.h */ = {isa = PBXFileReference; fileEncoding = 4; lastKnownFileType = sourcecode.c.h; path = WorkoutLogCell.h; sourceTree = "<group>"; };
		159284731619AC8700690188 /* WorkoutLogCell.m */ = {isa = PBXFileReference; fileEncoding = 4; lastKnownFileType = sourcecode.c.objc; path = WorkoutLogCell.m; sourceTree = "<group>"; };
		159284741619AC8700690188 /* WorkoutLogDetailViewController.h */ = {isa = PBXFileReference; fileEncoding = 4; lastKnownFileType = sourcecode.c.h; path = WorkoutLogDetailViewController.h; sourceTree = "<group>"; };
		159284751619AC8700690188 /* WorkoutLogDetailViewController.m */ = {isa = PBXFileReference; fileEncoding = 4; lastKnownFileType = sourcecode.c.objc; path = WorkoutLogDetailViewController.m; sourceTree = "<group>"; };
		159284761619AC8700690188 /* WorkoutLogsViewController.h */ = {isa = PBXFileReference; fileEncoding = 4; lastKnownFileType = sourcecode.c.h; path = WorkoutLogsViewController.h; sourceTree = "<group>"; };
		159284771619AC8700690188 /* WorkoutLogsViewController.m */ = {isa = PBXFileReference; fileEncoding = 4; lastKnownFileType = sourcecode.c.objc; path = WorkoutLogsViewController.m; sourceTree = "<group>"; };
		1592847B1619AC8700690188 /* AddWorkoutViewController.h */ = {isa = PBXFileReference; fileEncoding = 4; lastKnownFileType = sourcecode.c.h; path = AddWorkoutViewController.h; sourceTree = "<group>"; };
		1592847C1619AC8700690188 /* AddWorkoutViewController.m */ = {isa = PBXFileReference; fileEncoding = 4; lastKnownFileType = sourcecode.c.objc; path = AddWorkoutViewController.m; sourceTree = "<group>"; };
		1592847D1619AC8700690188 /* WorkoutsViewController.h */ = {isa = PBXFileReference; fileEncoding = 4; lastKnownFileType = sourcecode.c.h; path = WorkoutsViewController.h; sourceTree = "<group>"; };
		1592847E1619AC8700690188 /* WorkoutsViewController.m */ = {isa = PBXFileReference; fileEncoding = 4; lastKnownFileType = sourcecode.c.objc; path = WorkoutsViewController.m; sourceTree = "<group>"; };
		159C99E4161BEA5400CCAFD9 /* expand.png */ = {isa = PBXFileReference; lastKnownFileType = image.png; path = expand.png; sourceTree = "<group>"; };
		159C99E6161BF20500CCAFD9 /* UIView+Additions.h */ = {isa = PBXFileReference; fileEncoding = 4; lastKnownFileType = sourcecode.c.h; path = "UIView+Additions.h"; sourceTree = "<group>"; };
		159C99E7161BF20500CCAFD9 /* UIView+Additions.m */ = {isa = PBXFileReference; fileEncoding = 4; lastKnownFileType = sourcecode.c.objc; path = "UIView+Additions.m"; sourceTree = "<group>"; };
		159C99EC161C023C00CCAFD9 /* group.png */ = {isa = PBXFileReference; lastKnownFileType = image.png; path = group.png; sourceTree = "<group>"; };
		159C99ED161C023C00CCAFD9 /* log.png */ = {isa = PBXFileReference; lastKnownFileType = image.png; path = log.png; sourceTree = "<group>"; };
		159C99EE161C023C00CCAFD9 /* workout.png */ = {isa = PBXFileReference; lastKnownFileType = image.png; path = workout.png; sourceTree = "<group>"; };
		159C99FD161D66B100CCAFD9 /* QuartzCore.framework */ = {isa = PBXFileReference; lastKnownFileType = wrapper.framework; name = QuartzCore.framework; path = System/Library/Frameworks/QuartzCore.framework; sourceTree = SDKROOT; };
		159C99FF161D67EF00CCAFD9 /* UINavigationBar+RoundedCorners.h */ = {isa = PBXFileReference; fileEncoding = 4; lastKnownFileType = sourcecode.c.h; path = "UINavigationBar+RoundedCorners.h"; sourceTree = "<group>"; };
		159C9A00161D67EF00CCAFD9 /* UINavigationBar+RoundedCorners.m */ = {isa = PBXFileReference; fileEncoding = 4; lastKnownFileType = sourcecode.c.objc; path = "UINavigationBar+RoundedCorners.m"; sourceTree = "<group>"; };
		159C9A02161D6D5400CCAFD9 /* UITabBarController+Customized.h */ = {isa = PBXFileReference; fileEncoding = 4; lastKnownFileType = sourcecode.c.h; path = "UITabBarController+Customized.h"; sourceTree = "<group>"; };
		159C9A03161D6D5400CCAFD9 /* UITabBarController+Customized.m */ = {isa = PBXFileReference; fileEncoding = 4; lastKnownFileType = sourcecode.c.objc; path = "UITabBarController+Customized.m"; sourceTree = "<group>"; };
		15BC03A21620E1590008323C /* delete.png */ = {isa = PBXFileReference; lastKnownFileType = image.png; path = delete.png; sourceTree = "<group>"; };
		15BC03AF162103F90008323C /* AddWrokoutRoutineViewController.h */ = {isa = PBXFileReference; fileEncoding = 4; lastKnownFileType = sourcecode.c.h; path = AddWrokoutRoutineViewController.h; sourceTree = "<group>"; };
		15BC03B0162103F90008323C /* AddWrokoutRoutineViewController.m */ = {isa = PBXFileReference; fileEncoding = 4; lastKnownFileType = sourcecode.c.objc; path = AddWrokoutRoutineViewController.m; sourceTree = "<group>"; };
		15BC03B1162103F90008323C /* WorkoutRoutinesViewController.h */ = {isa = PBXFileReference; fileEncoding = 4; lastKnownFileType = sourcecode.c.h; path = WorkoutRoutinesViewController.h; sourceTree = "<group>"; };
		15BC03B2162103F90008323C /* WorkoutRoutinesViewController.m */ = {isa = PBXFileReference; fileEncoding = 4; lastKnownFileType = sourcecode.c.objc; path = WorkoutRoutinesViewController.m; sourceTree = "<group>"; };
		15C107911617EE4100B1B9FB /* Easy Workout.app */ = {isa = PBXFileReference; explicitFileType = wrapper.application; includeInIndex = 0; path = "Easy Workout.app"; sourceTree = BUILT_PRODUCTS_DIR; };
		15C107951617EE4100B1B9FB /* UIKit.framework */ = {isa = PBXFileReference; lastKnownFileType = wrapper.framework; name = UIKit.framework; path = System/Library/Frameworks/UIKit.framework; sourceTree = SDKROOT; };
		15C107971617EE4100B1B9FB /* Foundation.framework */ = {isa = PBXFileReference; lastKnownFileType = wrapper.framework; name = Foundation.framework; path = System/Library/Frameworks/Foundation.framework; sourceTree = SDKROOT; };
		15C107991617EE4100B1B9FB /* CoreGraphics.framework */ = {isa = PBXFileReference; lastKnownFileType = wrapper.framework; name = CoreGraphics.framework; path = System/Library/Frameworks/CoreGraphics.framework; sourceTree = SDKROOT; };
		15C107B51617EE4200B1B9FB /* Easy WorkoutTests.octest */ = {isa = PBXFileReference; explicitFileType = wrapper.cfbundle; includeInIndex = 0; path = "Easy WorkoutTests.octest"; sourceTree = BUILT_PRODUCTS_DIR; };
		15C107B61617EE4200B1B9FB /* SenTestingKit.framework */ = {isa = PBXFileReference; lastKnownFileType = wrapper.framework; name = SenTestingKit.framework; path = Library/Frameworks/SenTestingKit.framework; sourceTree = DEVELOPER_DIR; };
		15C108201617EEC000B1B9FB /* CoreData.framework */ = {isa = PBXFileReference; lastKnownFileType = wrapper.framework; name = CoreData.framework; path = System/Library/Frameworks/CoreData.framework; sourceTree = SDKROOT; };
/* End PBXFileReference section */

/* Begin PBXFrameworksBuildPhase section */
		15C1078E1617EE4100B1B9FB /* Frameworks */ = {
			isa = PBXFrameworksBuildPhase;
			buildActionMask = 2147483647;
			files = (
				1511716E1646F38F00C6EC1D /* libCorePlot-CocoaTouch.a in Frameworks */,
				152C611116346CFE000D2110 /* libsqlite3.0.dylib in Frameworks */,
				152C610F16346CEE000D2110 /* CFNetwork.framework in Frameworks */,
				152C610D16346C6A000D2110 /* libGoogleAnalytics.a in Frameworks */,
				159C99FE161D66B100CCAFD9 /* QuartzCore.framework in Frameworks */,
				15C108211617EEC000B1B9FB /* CoreData.framework in Frameworks */,
				15C107961617EE4100B1B9FB /* UIKit.framework in Frameworks */,
				15C107981617EE4100B1B9FB /* Foundation.framework in Frameworks */,
				15C1079A1617EE4100B1B9FB /* CoreGraphics.framework in Frameworks */,
			);
			runOnlyForDeploymentPostprocessing = 0;
		};
		15C107B11617EE4200B1B9FB /* Frameworks */ = {
			isa = PBXFrameworksBuildPhase;
			buildActionMask = 2147483647;
			files = (
				15C107B71617EE4200B1B9FB /* SenTestingKit.framework in Frameworks */,
				15C107B81617EE4200B1B9FB /* UIKit.framework in Frameworks */,
				15C107B91617EE4200B1B9FB /* Foundation.framework in Frameworks */,
				152C6109163467C5000D2110 /* libGoogleAnalytics.a in Frameworks */,
			);
			runOnlyForDeploymentPostprocessing = 0;
		};
/* End PBXFrameworksBuildPhase section */

/* Begin PBXGroup section */
		151171621646F2B400C6EC1D /* Products */ = {
			isa = PBXGroup;
			children = (
				1511716B1646F2B400C6EC1D /* libCorePlot-CocoaTouch.a */,
			);
			name = Products;
			sourceTree = "<group>";
		};
		1511716F1646F5CA00C6EC1D /* Stats */ = {
			isa = PBXGroup;
			children = (
				151171701646F5F500C6EC1D /* WorkoutsStatsListViewController.h */,
				151171711646F5F500C6EC1D /* WorkoutsStatsListViewController.m */,
			);
			path = Stats;
			sourceTree = "<group>";
		};
		15223DB21645A09800D7532D /* Cell Expandable Header */ = {
			isa = PBXGroup;
			children = (
				15223DB31645A09800D7532D /* CellExpandableHeaderView.h */,
				15223DB41645A09800D7532D /* CellExpandableHeaderView.m */,
				15223DB51645A09800D7532D /* CellExpandableHeaderView.xib */,
			);
			path = "Cell Expandable Header";
			sourceTree = "<group>";
		};
		15223DB61645A09800D7532D /* CKCalendarView */ = {
			isa = PBXGroup;
			children = (
				151170F31645B9F400C6EC1D /* left_arrow.png */,
				151170F41645B9F400C6EC1D /* left_arrow@2x.png */,
				151170F51645B9F400C6EC1D /* right_arrow.png */,
				151170F61645B9F400C6EC1D /* right_arrow@2x.png */,
				15223DB71645A09800D7532D /* CKCalendarView.h */,
				15223DB81645A09800D7532D /* CKCalendarView.m */,
			);
			path = CKCalendarView;
			sourceTree = "<group>";
		};
		15223DBD1645A09800D7532D /* Gradient Button */ = {
			isa = PBXGroup;
			children = (
				15223DBE1645A09800D7532D /* GradientButton.h */,
				15223DBF1645A09800D7532D /* GradientButton.m */,
			);
			path = "Gradient Button";
			sourceTree = "<group>";
		};
		152C6105163467B2000D2110 /* Google Analytics */ = {
			isa = PBXGroup;
			children = (
				152C6107163467C5000D2110 /* GANTracker.h */,
				152C6108163467C5000D2110 /* libGoogleAnalytics.a */,
				152C610A163467F2000D2110 /* GoogleAnalyticsHelper.h */,
				152C610B163467F2000D2110 /* GoogleAnalyticsHelper.m */,
			);
			path = "Google Analytics";
			sourceTree = "<group>";
		};
		156D5DEC1619ADC700DA84AA /* Easy WorkoutTests */ = {
			isa = PBXGroup;
			children = (
				156D5DED1619ADC700DA84AA /* Easy WorkoutTests-Info.plist */,
				156D5DEE1619ADC700DA84AA /* InfoPlist.strings */,
				156D5DF01619ADC700DA84AA /* iWorkoutTests.h */,
				156D5DF11619ADC700DA84AA /* iWorkoutTests.m */,
			);
			path = "Easy WorkoutTests";
			sourceTree = "<group>";
		};
		158BF66416325C1F00AB1485 /* Icons */ = {
			isa = PBXGroup;
			children = (
				158BF66516325C1F00AB1485 /* Icon-Small.png */,
				158BF66616325C1F00AB1485 /* Icon-Small@2x.png */,
				158BF66716325C1F00AB1485 /* Icon.png */,
				158BF66816325C1F00AB1485 /* Icon@2x.png */,
			);
			path = Icons;
			sourceTree = "<group>";
		};
		159284441619AC8700690188 /* Easy Workout */ = {
			isa = PBXGroup;
			children = (
				152C6105163467B2000D2110 /* Google Analytics */,
				159C99E1161BE95F00CCAFD9 /* Images */,
				159284581619AC8700690188 /* Categories */,
				159284471619AC8700690188 /* Business & Data Layer */,
				159284671619AC8700690188 /* Pages */,
				159284451619AC8700690188 /* AppDelegate.h */,
				159284461619AC8700690188 /* AppDelegate.m */,
				1592845D1619AC8700690188 /* Easy Workout-Info.plist */,
				1592845E1619AC8700690188 /* Easy Workout-Prefix.pch */,
				1592845F1619AC8700690188 /* InfoPlist.strings */,
				159284611619AC8700690188 /* MainStoryboard_iPad.storyboard */,
				159284631619AC8700690188 /* MainStoryboard_iPhone.storyboard */,
				159284651619AC8700690188 /* main.m */,
				159284661619AC8700690188 /* Models */,
			);
			path = "Easy Workout";
			sourceTree = "<group>";
		};
		159284471619AC8700690188 /* Business & Data Layer */ = {
			isa = PBXGroup;
			children = (
				159284481619AC8700690188 /* Core Data */,
				1592844F1619AC8700690188 /* Models */,
			);
			path = "Business & Data Layer";
			sourceTree = "<group>";
		};
		159284481619AC8700690188 /* Core Data */ = {
			isa = PBXGroup;
			children = (
				159284491619AC8700690188 /* CoreDataManager.h */,
				1592844A1619AC8700690188 /* CoreDataManager.m */,
				1592844B1619AC8700690188 /* CoreDataModel.h */,
				1592844C1619AC8700690188 /* CoreDataModel.m */,
				1592844D1619AC8700690188 /* iWorkout.xcdatamodeld */,
			);
			path = "Core Data";
			sourceTree = "<group>";
		};
		1592844F1619AC8700690188 /* Models */ = {
			isa = PBXGroup;
			children = (
				159284501619AC8700690188 /* Workout.h */,
				159284511619AC8700690188 /* Workout.m */,
				159284521619AC8700690188 /* WorkoutCategory.h */,
				159284531619AC8700690188 /* WorkoutCategory.m */,
				159284541619AC8700690188 /* WorkoutRoutine.h */,
				159284551619AC8700690188 /* WorkoutRoutine.m */,
				159284561619AC8700690188 /* WorkoutLog.h */,
				159284571619AC8700690188 /* WorkoutLog.m */,
			);
			path = Models;
			sourceTree = "<group>";
		};
		159284581619AC8700690188 /* Categories */ = {
			isa = PBXGroup;
			children = (
				159284591619AC8700690188 /* NSString+Additions.h */,
				1592845A1619AC8700690188 /* NSString+Additions.m */,
				1592845B1619AC8700690188 /* UIViewController+Additions.h */,
				1592845C1619AC8700690188 /* UIViewController+Additions.m */,
				159C99E6161BF20500CCAFD9 /* UIView+Additions.h */,
				159C99E7161BF20500CCAFD9 /* UIView+Additions.m */,
				159C99FF161D67EF00CCAFD9 /* UINavigationBar+RoundedCorners.h */,
				159C9A00161D67EF00CCAFD9 /* UINavigationBar+RoundedCorners.m */,
				159C9A02161D6D5400CCAFD9 /* UITabBarController+Customized.h */,
				159C9A03161D6D5400CCAFD9 /* UITabBarController+Customized.m */,
			);
			path = Categories;
			sourceTree = "<group>";
		};
		159284661619AC8700690188 /* Models */ = {
			isa = PBXGroup;
			children = (
			);
			path = Models;
			sourceTree = "<group>";
		};
		159284671619AC8700690188 /* Pages */ = {
			isa = PBXGroup;
			children = (
				159C99DA161BE85E00CCAFD9 /* Usable UI */,
				1511716F1646F5CA00C6EC1D /* Stats */,
				15BC03AE162103F90008323C /* Routines */,
				159284781619AC8700690188 /* Workouts */,
				1592846F1619AC8700690188 /* Logs */,
				159284681619AC8700690188 /* BaseViewController.h */,
				159284691619AC8700690188 /* BaseViewController.m */,
			);
			path = Pages;
			sourceTree = "<group>";
		};
		1592846F1619AC8700690188 /* Logs */ = {
			isa = PBXGroup;
			children = (
				159284701619AC8700690188 /* AddWorkoutLogViewController.h */,
				159284711619AC8700690188 /* AddWorkoutLogViewController.m */,
				159284721619AC8700690188 /* WorkoutLogCell.h */,
				159284731619AC8700690188 /* WorkoutLogCell.m */,
				159284741619AC8700690188 /* WorkoutLogDetailViewController.h */,
				159284751619AC8700690188 /* WorkoutLogDetailViewController.m */,
				159284761619AC8700690188 /* WorkoutLogsViewController.h */,
				159284771619AC8700690188 /* WorkoutLogsViewController.m */,
			);
			path = Logs;
			sourceTree = "<group>";
		};
		159284781619AC8700690188 /* Workouts */ = {
			isa = PBXGroup;
			children = (
				1592847B1619AC8700690188 /* AddWorkoutViewController.h */,
				1592847C1619AC8700690188 /* AddWorkoutViewController.m */,
				1592847D1619AC8700690188 /* WorkoutsViewController.h */,
				1592847E1619AC8700690188 /* WorkoutsViewController.m */,
			);
			path = Workouts;
			sourceTree = "<group>";
		};
		159C99DA161BE85E00CCAFD9 /* Usable UI */ = {
			isa = PBXGroup;
			children = (
				15223DB21645A09800D7532D /* Cell Expandable Header */,
				15223DB61645A09800D7532D /* CKCalendarView */,
				15223DBD1645A09800D7532D /* Gradient Button */,
			);
			path = "Usable UI";
			sourceTree = "<group>";
		};
		159C99E1161BE95F00CCAFD9 /* Images */ = {
			isa = PBXGroup;
			children = (
				158BF66416325C1F00AB1485 /* Icons */,
				15BC03A21620E1590008323C /* delete.png */,
				159C99EC161C023C00CCAFD9 /* group.png */,
				15223DC81645A1E500D7532D /* chart.png */,
				15223DCA1645A21900D7532D /* calendar.png */,
				159C99ED161C023C00CCAFD9 /* log.png */,
				159C99EE161C023C00CCAFD9 /* workout.png */,
				159C99E4161BEA5400CCAFD9 /* expand.png */,
			);
			path = Images;
			sourceTree = "<group>";
		};
		15BC03AE162103F90008323C /* Routines */ = {
			isa = PBXGroup;
			children = (
				15BC03AF162103F90008323C /* AddWrokoutRoutineViewController.h */,
				15BC03B0162103F90008323C /* AddWrokoutRoutineViewController.m */,
				15BC03B1162103F90008323C /* WorkoutRoutinesViewController.h */,
				15BC03B2162103F90008323C /* WorkoutRoutinesViewController.m */,
			);
			path = Routines;
			sourceTree = "<group>";
		};
		15C107861617EE4100B1B9FB = {
			isa = PBXGroup;
			children = (
				151171611646F2B400C6EC1D /* CorePlot-CocoaTouch.xcodeproj */,
				15752FF11634CD80009EF4B0 /* Default-568h@2x.png */,
				15752FEF1634CD7C009EF4B0 /* Default@2x.png */,
				15752FED1634CD76009EF4B0 /* Default.png */,
				158BF67316325C5900AB1485 /* Icon@2x.png */,
				158BF67116325C4B00AB1485 /* Icon.png */,
				159284441619AC8700690188 /* Easy Workout */,
				156D5DEC1619ADC700DA84AA /* Easy WorkoutTests */,
				15C107941617EE4100B1B9FB /* Frameworks */,
				15C107921617EE4100B1B9FB /* Products */,
			);
			sourceTree = "<group>";
		};
		15C107921617EE4100B1B9FB /* Products */ = {
			isa = PBXGroup;
			children = (
				15C107911617EE4100B1B9FB /* Easy Workout.app */,
				15C107B51617EE4200B1B9FB /* Easy WorkoutTests.octest */,
			);
			name = Products;
			sourceTree = "<group>";
		};
		15C107941617EE4100B1B9FB /* Frameworks */ = {
			isa = PBXGroup;
			children = (
				152C611016346CFE000D2110 /* libsqlite3.0.dylib */,
				152C610E16346CEE000D2110 /* CFNetwork.framework */,
				159C99FD161D66B100CCAFD9 /* QuartzCore.framework */,
				15C108201617EEC000B1B9FB /* CoreData.framework */,
				15C107951617EE4100B1B9FB /* UIKit.framework */,
				15C107971617EE4100B1B9FB /* Foundation.framework */,
				15C107991617EE4100B1B9FB /* CoreGraphics.framework */,
				15C107B61617EE4200B1B9FB /* SenTestingKit.framework */,
			);
			name = Frameworks;
			sourceTree = "<group>";
		};
/* End PBXGroup section */

/* Begin PBXNativeTarget section */
		15C107901617EE4100B1B9FB /* Easy Workout */ = {
			isa = PBXNativeTarget;
			buildConfigurationList = 15C107C71617EE4200B1B9FB /* Build configuration list for PBXNativeTarget "Easy Workout" */;
			buildPhases = (
				15C1078D1617EE4100B1B9FB /* Sources */,
				15C1078E1617EE4100B1B9FB /* Frameworks */,
				15C1078F1617EE4100B1B9FB /* Resources */,
			);
			buildRules = (
			);
			dependencies = (
				1511716D1646F2ED00C6EC1D /* PBXTargetDependency */,
			);
			name = "Easy Workout";
			productName = iWorkout;
			productReference = 15C107911617EE4100B1B9FB /* Easy Workout.app */;
			productType = "com.apple.product-type.application";
		};
		15C107B41617EE4200B1B9FB /* Easy WorkoutTests */ = {
			isa = PBXNativeTarget;
			buildConfigurationList = 15C107CA1617EE4200B1B9FB /* Build configuration list for PBXNativeTarget "Easy WorkoutTests" */;
			buildPhases = (
				15C107B01617EE4200B1B9FB /* Sources */,
				15C107B11617EE4200B1B9FB /* Frameworks */,
				15C107B21617EE4200B1B9FB /* Resources */,
				15C107B31617EE4200B1B9FB /* ShellScript */,
			);
			buildRules = (
			);
			dependencies = (
				15C107BB1617EE4200B1B9FB /* PBXTargetDependency */,
			);
			name = "Easy WorkoutTests";
			productName = iWorkoutTests;
			productReference = 15C107B51617EE4200B1B9FB /* Easy WorkoutTests.octest */;
			productType = "com.apple.product-type.bundle";
		};
/* End PBXNativeTarget section */

/* Begin PBXProject section */
		15C107881617EE4100B1B9FB /* Project object */ = {
			isa = PBXProject;
			attributes = {
				LastUpgradeCheck = 0440;
				ORGANIZATIONNAME = "Aryan Gh";
			};
			buildConfigurationList = 15C1078B1617EE4100B1B9FB /* Build configuration list for PBXProject "Easy Workout" */;
			compatibilityVersion = "Xcode 3.2";
			developmentRegion = English;
			hasScannedForEncodings = 0;
			knownRegions = (
				en,
			);
			mainGroup = 15C107861617EE4100B1B9FB;
			productRefGroup = 15C107921617EE4100B1B9FB /* Products */;
			projectDirPath = "";
			projectReferences = (
				{
					ProductGroup = 151171621646F2B400C6EC1D /* Products */;
					ProjectRef = 151171611646F2B400C6EC1D /* CorePlot-CocoaTouch.xcodeproj */;
				},
			);
			projectRoot = "";
			targets = (
				15C107901617EE4100B1B9FB /* Easy Workout */,
				15C107B41617EE4200B1B9FB /* Easy WorkoutTests */,
			);
		};
/* End PBXProject section */

/* Begin PBXReferenceProxy section */
		1511716B1646F2B400C6EC1D /* libCorePlot-CocoaTouch.a */ = {
			isa = PBXReferenceProxy;
			fileType = archive.ar;
			path = "libCorePlot-CocoaTouch.a";
			remoteRef = 1511716A1646F2B400C6EC1D /* PBXContainerItemProxy */;
			sourceTree = BUILT_PRODUCTS_DIR;
		};
/* End PBXReferenceProxy section */

/* Begin PBXResourcesBuildPhase section */
		15C1078F1617EE4100B1B9FB /* Resources */ = {
			isa = PBXResourcesBuildPhase;
			buildActionMask = 2147483647;
			files = (
				1592848F1619AC8700690188 /* Easy Workout-Info.plist in Resources */,
				159284901619AC8700690188 /* InfoPlist.strings in Resources */,
				159284911619AC8700690188 /* MainStoryboard_iPad.storyboard in Resources */,
				159284921619AC8700690188 /* MainStoryboard_iPhone.storyboard in Resources */,
				159C99E5161BEA5400CCAFD9 /* expand.png in Resources */,
				159C99EF161C023C00CCAFD9 /* group.png in Resources */,
				159C99F0161C023C00CCAFD9 /* log.png in Resources */,
				159C99F1161C023C00CCAFD9 /* workout.png in Resources */,
				15BC03A31620E1590008323C /* delete.png in Resources */,
				158BF66B16325C1F00AB1485 /* Icon-Small.png in Resources */,
				158BF66C16325C1F00AB1485 /* Icon-Small@2x.png in Resources */,
				158BF66D16325C1F00AB1485 /* Icon.png in Resources */,
				158BF66E16325C1F00AB1485 /* Icon@2x.png in Resources */,
				158BF67216325C4B00AB1485 /* Icon.png in Resources */,
				158BF67416325C5900AB1485 /* Icon@2x.png in Resources */,
				15752FEE1634CD76009EF4B0 /* Default.png in Resources */,
				15752FF01634CD7C009EF4B0 /* Default@2x.png in Resources */,
				15752FF21634CD80009EF4B0 /* Default-568h@2x.png in Resources */,
				15223DC11645A09800D7532D /* CellExpandableHeaderView.xib in Resources */,
				15223DC91645A1E500D7532D /* chart.png in Resources */,
				15223DCB1645A21900D7532D /* calendar.png in Resources */,
				151170F71645B9F400C6EC1D /* left_arrow.png in Resources */,
				151170F81645B9F400C6EC1D /* left_arrow@2x.png in Resources */,
				151170F91645B9F400C6EC1D /* right_arrow.png in Resources */,
				151170FA1645B9F400C6EC1D /* right_arrow@2x.png in Resources */,
			);
			runOnlyForDeploymentPostprocessing = 0;
		};
		15C107B21617EE4200B1B9FB /* Resources */ = {
			isa = PBXResourcesBuildPhase;
			buildActionMask = 2147483647;
			files = (
				156D5DF21619ADC700DA84AA /* Easy WorkoutTests-Info.plist in Resources */,
				156D5DF31619ADC700DA84AA /* InfoPlist.strings in Resources */,
			);
			runOnlyForDeploymentPostprocessing = 0;
		};
/* End PBXResourcesBuildPhase section */

/* Begin PBXShellScriptBuildPhase section */
		15C107B31617EE4200B1B9FB /* ShellScript */ = {
			isa = PBXShellScriptBuildPhase;
			buildActionMask = 2147483647;
			files = (
			);
			inputPaths = (
			);
			outputPaths = (
			);
			runOnlyForDeploymentPostprocessing = 0;
			shellPath = /bin/sh;
			shellScript = "# Run the unit tests in this test bundle.\n\"${SYSTEM_DEVELOPER_DIR}/Tools/RunUnitTests\"\n";
		};
/* End PBXShellScriptBuildPhase section */

/* Begin PBXSourcesBuildPhase section */
		15C1078D1617EE4100B1B9FB /* Sources */ = {
			isa = PBXSourcesBuildPhase;
			buildActionMask = 2147483647;
			files = (
				159284851619AC8700690188 /* AppDelegate.m in Sources */,
				159284861619AC8700690188 /* CoreDataManager.m in Sources */,
				159284871619AC8700690188 /* CoreDataModel.m in Sources */,
				159284881619AC8700690188 /* iWorkout.xcdatamodeld in Sources */,
				159284891619AC8700690188 /* Workout.m in Sources */,
				1592848A1619AC8700690188 /* WorkoutCategory.m in Sources */,
				1592848B1619AC8700690188 /* WorkoutRoutine.m in Sources */,
				1592848C1619AC8700690188 /* WorkoutLog.m in Sources */,
				1592848D1619AC8700690188 /* NSString+Additions.m in Sources */,
				1592848E1619AC8700690188 /* UIViewController+Additions.m in Sources */,
				159284931619AC8700690188 /* main.m in Sources */,
				159284941619AC8700690188 /* BaseViewController.m in Sources */,
				159284971619AC8700690188 /* AddWorkoutLogViewController.m in Sources */,
				159284981619AC8700690188 /* WorkoutLogCell.m in Sources */,
				159284991619AC8700690188 /* WorkoutLogDetailViewController.m in Sources */,
				1592849A1619AC8700690188 /* WorkoutLogsViewController.m in Sources */,
				1592849C1619AC8700690188 /* AddWorkoutViewController.m in Sources */,
				1592849D1619AC8700690188 /* WorkoutsViewController.m in Sources */,
				159C99E8161BF20500CCAFD9 /* UIView+Additions.m in Sources */,
				159C9A01161D67EF00CCAFD9 /* UINavigationBar+RoundedCorners.m in Sources */,
				159C9A04161D6D5400CCAFD9 /* UITabBarController+Customized.m in Sources */,
				15BC03B3162103F90008323C /* AddWrokoutRoutineViewController.m in Sources */,
				15BC03B4162103F90008323C /* WorkoutRoutinesViewController.m in Sources */,
				152C610C163467F2000D2110 /* GoogleAnalyticsHelper.m in Sources */,
				15223DC01645A09800D7532D /* CellExpandableHeaderView.m in Sources */,
				15223DC21645A09800D7532D /* CKCalendarView.m in Sources */,
				15223DC71645A09800D7532D /* GradientButton.m in Sources */,
				151171721646F5F500C6EC1D /* WorkoutsStatsListViewController.m in Sources */,
			);
			runOnlyForDeploymentPostprocessing = 0;
		};
		15C107B01617EE4200B1B9FB /* Sources */ = {
			isa = PBXSourcesBuildPhase;
			buildActionMask = 2147483647;
			files = (
				156D5DF41619ADC700DA84AA /* iWorkoutTests.m in Sources */,
			);
			runOnlyForDeploymentPostprocessing = 0;
		};
/* End PBXSourcesBuildPhase section */

/* Begin PBXTargetDependency section */
		1511716D1646F2ED00C6EC1D /* PBXTargetDependency */ = {
			isa = PBXTargetDependency;
			name = "CorePlot-CocoaTouch";
			targetProxy = 1511716C1646F2ED00C6EC1D /* PBXContainerItemProxy */;
		};
		15C107BB1617EE4200B1B9FB /* PBXTargetDependency */ = {
			isa = PBXTargetDependency;
			target = 15C107901617EE4100B1B9FB /* Easy Workout */;
			targetProxy = 15C107BA1617EE4200B1B9FB /* PBXContainerItemProxy */;
		};
/* End PBXTargetDependency section */

/* Begin PBXVariantGroup section */
		156D5DEE1619ADC700DA84AA /* InfoPlist.strings */ = {
			isa = PBXVariantGroup;
			children = (
				156D5DEF1619ADC700DA84AA /* en */,
			);
			name = InfoPlist.strings;
			sourceTree = "<group>";
		};
		1592845F1619AC8700690188 /* InfoPlist.strings */ = {
			isa = PBXVariantGroup;
			children = (
				159284601619AC8700690188 /* en */,
			);
			name = InfoPlist.strings;
			sourceTree = "<group>";
		};
		159284611619AC8700690188 /* MainStoryboard_iPad.storyboard */ = {
			isa = PBXVariantGroup;
			children = (
				159284621619AC8700690188 /* en */,
			);
			name = MainStoryboard_iPad.storyboard;
			sourceTree = "<group>";
		};
		159284631619AC8700690188 /* MainStoryboard_iPhone.storyboard */ = {
			isa = PBXVariantGroup;
			children = (
				159284641619AC8700690188 /* en */,
			);
			name = MainStoryboard_iPhone.storyboard;
			sourceTree = "<group>";
		};
/* End PBXVariantGroup section */

/* Begin XCBuildConfiguration section */
		15C107C51617EE4200B1B9FB /* Debug */ = {
			isa = XCBuildConfiguration;
			buildSettings = {
				ALWAYS_SEARCH_USER_PATHS = NO;
				ARCHS = "$(ARCHS_STANDARD_32_BIT)";
				CLANG_CXX_LANGUAGE_STANDARD = "gnu++0x";
				CLANG_ENABLE_OBJC_ARC = YES;
				CLANG_WARN__DUPLICATE_METHOD_MATCH = YES;
				"CODE_SIGN_IDENTITY[sdk=iphoneos*]" = "iPhone Developer";
				COPY_PHASE_STRIP = NO;
				GCC_C_LANGUAGE_STANDARD = gnu99;
				GCC_DYNAMIC_NO_PIC = NO;
				GCC_OPTIMIZATION_LEVEL = 0;
				GCC_PREPROCESSOR_DEFINITIONS = (
					"DEBUG=1",
					"$(inherited)",
				);
				GCC_SYMBOLS_PRIVATE_EXTERN = NO;
				GCC_VERSION = com.apple.compilers.llvm.clang.1_0;
				GCC_WARN_ABOUT_RETURN_TYPE = YES;
				GCC_WARN_UNINITIALIZED_AUTOS = YES;
				GCC_WARN_UNUSED_VARIABLE = YES;
				IPHONEOS_DEPLOYMENT_TARGET = 5.1;
				SDKROOT = iphoneos;
				SKIP_INSTALL = NO;
				TARGETED_DEVICE_FAMILY = "1,2";
			};
			name = Debug;
		};
		15C107C61617EE4200B1B9FB /* Release */ = {
			isa = XCBuildConfiguration;
			buildSettings = {
				ALWAYS_SEARCH_USER_PATHS = NO;
				ARCHS = "$(ARCHS_STANDARD_32_BIT)";
				CLANG_CXX_LANGUAGE_STANDARD = "gnu++0x";
				CLANG_ENABLE_OBJC_ARC = YES;
				CLANG_WARN__DUPLICATE_METHOD_MATCH = YES;
				"CODE_SIGN_IDENTITY[sdk=iphoneos*]" = "iPhone Developer";
				COPY_PHASE_STRIP = YES;
				GCC_C_LANGUAGE_STANDARD = gnu99;
				GCC_VERSION = com.apple.compilers.llvm.clang.1_0;
				GCC_WARN_ABOUT_RETURN_TYPE = YES;
				GCC_WARN_UNINITIALIZED_AUTOS = YES;
				GCC_WARN_UNUSED_VARIABLE = YES;
				IPHONEOS_DEPLOYMENT_TARGET = 5.1;
				OTHER_CFLAGS = "-DNS_BLOCK_ASSERTIONS=1";
				SDKROOT = iphoneos;
				SKIP_INSTALL = NO;
				TARGETED_DEVICE_FAMILY = "1,2";
				VALIDATE_PRODUCT = YES;
			};
			name = Release;
		};
		15C107C81617EE4200B1B9FB /* Debug */ = {
			isa = XCBuildConfiguration;
			buildSettings = {
				CODE_SIGN_IDENTITY = "iPhone Developer";
				"CODE_SIGN_IDENTITY[sdk=iphoneos*]" = "iPhone Developer";
				GCC_PRECOMPILE_PREFIX_HEADER = YES;
				GCC_PREFIX_HEADER = "Easy Workout/Easy Workout-Prefix.pch";
				INFOPLIST_FILE = "Easy Workout/Easy Workout-Info.plist";
				LIBRARY_SEARCH_PATHS = (
					"$(inherited)",
					"\"$(SRCROOT)/Easy Workout/Google Analytics\"",
				);
				PRODUCT_NAME = "Easy Workout";
				PROVISIONING_PROFILE = "";
				"PROVISIONING_PROFILE[sdk=iphoneos*]" = "";
				SKIP_INSTALL = NO;
				TARGETED_DEVICE_FAMILY = 1;
				WRAPPER_EXTENSION = app;
			};
			name = Debug;
		};
		15C107C91617EE4200B1B9FB /* Release */ = {
			isa = XCBuildConfiguration;
			buildSettings = {
				"CODE_SIGN_IDENTITY[sdk=iphoneos*]" = "iPhone Distribution: Aryan Ghassemi";
				GCC_PRECOMPILE_PREFIX_HEADER = YES;
				GCC_PREFIX_HEADER = "Easy Workout/Easy Workout-Prefix.pch";
				INFOPLIST_FILE = "Easy Workout/Easy Workout-Info.plist";
				LIBRARY_SEARCH_PATHS = (
					"$(inherited)",
					"\"$(SRCROOT)/Easy Workout/Google Analytics\"",
				);
				PRODUCT_NAME = "Easy Workout";
				"PROVISIONING_PROFILE[sdk=iphoneos*]" = "";
				SKIP_INSTALL = NO;
				TARGETED_DEVICE_FAMILY = 1;
				WRAPPER_EXTENSION = app;
			};
			name = Release;
		};
		15C107CB1617EE4200B1B9FB /* Debug */ = {
			isa = XCBuildConfiguration;
			buildSettings = {
				BUNDLE_LOADER = "$(BUILT_PRODUCTS_DIR)/iWorkout.app/iWorkout";
				FRAMEWORK_SEARCH_PATHS = (
					"\"$(SDKROOT)/Developer/Library/Frameworks\"",
					"\"$(DEVELOPER_LIBRARY_DIR)/Frameworks\"",
				);
				GCC_PRECOMPILE_PREFIX_HEADER = YES;
				GCC_PREFIX_HEADER = "iWorkout/iWorkout-Prefix.pch";
				INFOPLIST_FILE = "iWorkoutTests/Easy WorkoutTests-Info.plist";
				LIBRARY_SEARCH_PATHS = (
					"$(inherited)",
					"\"$(SRCROOT)/Easy Workout/Google Analytics\"",
				);
				PRODUCT_NAME = "Easy WorkoutTests";
				TEST_HOST = "$(BUNDLE_LOADER)";
				WRAPPER_EXTENSION = octest;
			};
			name = Debug;
		};
		15C107CC1617EE4200B1B9FB /* Release */ = {
			isa = XCBuildConfiguration;
			buildSettings = {
				BUNDLE_LOADER = "$(BUILT_PRODUCTS_DIR)/iWorkout.app/iWorkout";
				FRAMEWORK_SEARCH_PATHS = (
					"\"$(SDKROOT)/Developer/Library/Frameworks\"",
					"\"$(DEVELOPER_LIBRARY_DIR)/Frameworks\"",
				);
				GCC_PRECOMPILE_PREFIX_HEADER = YES;
				GCC_PREFIX_HEADER = "iWorkout/iWorkout-Prefix.pch";
				INFOPLIST_FILE = "iWorkoutTests/Easy WorkoutTests-Info.plist";
				LIBRARY_SEARCH_PATHS = (
					"$(inherited)",
					"\"$(SRCROOT)/Easy Workout/Google Analytics\"",
				);
				PRODUCT_NAME = "Easy WorkoutTests";
				TEST_HOST = "$(BUNDLE_LOADER)";
				WRAPPER_EXTENSION = octest;
			};
			name = Release;
		};
/* End XCBuildConfiguration section */

/* Begin XCConfigurationList section */
		15C1078B1617EE4100B1B9FB /* Build configuration list for PBXProject "Easy Workout" */ = {
			isa = XCConfigurationList;
			buildConfigurations = (
				15C107C51617EE4200B1B9FB /* Debug */,
				15C107C61617EE4200B1B9FB /* Release */,
			);
			defaultConfigurationIsVisible = 0;
			defaultConfigurationName = Release;
		};
		15C107C71617EE4200B1B9FB /* Build configuration list for PBXNativeTarget "Easy Workout" */ = {
			isa = XCConfigurationList;
			buildConfigurations = (
				15C107C81617EE4200B1B9FB /* Debug */,
				15C107C91617EE4200B1B9FB /* Release */,
			);
			defaultConfigurationIsVisible = 0;
			defaultConfigurationName = Release;
		};
		15C107CA1617EE4200B1B9FB /* Build configuration list for PBXNativeTarget "Easy WorkoutTests" */ = {
			isa = XCConfigurationList;
			buildConfigurations = (
				15C107CB1617EE4200B1B9FB /* Debug */,
				15C107CC1617EE4200B1B9FB /* Release */,
			);
			defaultConfigurationIsVisible = 0;
			defaultConfigurationName = Release;
		};
/* End XCConfigurationList section */

/* Begin XCVersionGroup section */
		1592844D1619AC8700690188 /* iWorkout.xcdatamodeld */ = {
			isa = XCVersionGroup;
			children = (
				1592844E1619AC8700690188 /* iWorkout.xcdatamodel */,
			);
			currentVersion = 1592844E1619AC8700690188 /* iWorkout.xcdatamodel */;
			path = iWorkout.xcdatamodeld;
			sourceTree = "<group>";
			versionGroupType = wrapper.xcdatamodel;
		};
/* End XCVersionGroup section */
	};
	rootObject = 15C107881617EE4100B1B9FB /* Project object */;
}
